
Microsoft Visual Studio Solution File, Format Version 12.00
# Visual Studio 15
VisualStudioVersion = 15.0.28307.572
MinimumVisualStudioVersion = 10.0.40219.1
Project("{8BC9CEB8-8B4A-11D0-8D11-00A0C91BC942}") = "9093", "9093\9093.vcxproj", "{16A445DF-5139-468C-9FC0-69974F089EB4}"
EndProject
Project("{8BC9CEB8-8B4A-11D0-8D11-00A0C91BC942}") = "9012", "9012\9012.vcxproj", "{F3769886-FC9B-447F-846E-E3E02533F986}"
EndProject
Project("{8BC9CEB8-8B4A-11D0-8D11-00A0C91BC942}") = "1874", "1874\1874.vcxproj", "{AEF29AC9-38A9-4248-8AB2-EB708975916A}"
EndProject
Project("{8BC9CEB8-8B4A-11D0-8D11-00A0C91BC942}") = "1406", "1406\1406.vcxproj", "{69BFA117-F90E-421B-B917-FEEEF73124F7}"
EndProject
Project("{8BC9CEB8-8B4A-11D0-8D11-00A0C91BC942}") = "1158", "1158\1158.vcxproj", "{5BA1E0FB-1FED-4619-8EE0-6348FE2F1492}"
EndProject
Project("{8BC9CEB8-8B4A-11D0-8D11-00A0C91BC942}") = "17413", "17413\17413.vcxproj", "{02BA5ABA-0332-4D37-B9AF-86A17D50B031}"
EndProject
Project("{8BC9CEB8-8B4A-11D0-8D11-00A0C91BC942}") = "10799", "10799\10799.vcxproj", "{4B77841A-70B2-4464-BCF3-6812AB6A2D4B}"
EndProject
Project("{8BC9CEB8-8B4A-11D0-8D11-00A0C91BC942}") = "17298", "17298\17298.vcxproj", "{A031EF07-E984-41E5-985A-2C65F45C8F4D}"
EndProject
Global
	GlobalSection(SolutionConfigurationPlatforms) = preSolution
		Debug|x64 = Debug|x64
		Debug|x86 = Debug|x86
		Release|x64 = Release|x64
		Release|x86 = Release|x86
	EndGlobalSection
	GlobalSection(ProjectConfigurationPlatforms) = postSolution
		{16A445DF-5139-468C-9FC0-69974F089EB4}.Debug|x64.ActiveCfg = Debug|x64
		{16A445DF-5139-468C-9FC0-69974F089EB4}.Debug|x64.Build.0 = Debug|x64
		{16A445DF-5139-468C-9FC0-69974F089EB4}.Debug|x86.ActiveCfg = Debug|Win32
		{16A445DF-5139-468C-9FC0-69974F089EB4}.Debug|x86.Build.0 = Debug|Win32
		{16A445DF-5139-468C-9FC0-69974F089EB4}.Release|x64.ActiveCfg = Release|x64
		{16A445DF-5139-468C-9FC0-69974F089EB4}.Release|x64.Build.0 = Release|x64
		{16A445DF-5139-468C-9FC0-69974F089EB4}.Release|x86.ActiveCfg = Release|Win32
		{16A445DF-5139-468C-9FC0-69974F089EB4}.Release|x86.Build.0 = Release|Win32
		{F3769886-FC9B-447F-846E-E3E02533F986}.Debug|x64.ActiveCfg = Debug|x64
		{F3769886-FC9B-447F-846E-E3E02533F986}.Debug|x64.Build.0 = Debug|x64
		{F3769886-FC9B-447F-846E-E3E02533F986}.Debug|x86.ActiveCfg = Debug|Win32
		{F3769886-FC9B-447F-846E-E3E02533F986}.Debug|x86.Build.0 = Debug|Win32
		{F3769886-FC9B-447F-846E-E3E02533F986}.Release|x64.ActiveCfg = Release|x64
		{F3769886-FC9B-447F-846E-E3E02533F986}.Release|x64.Build.0 = Release|x64
		{F3769886-FC9B-447F-846E-E3E02533F986}.Release|x86.ActiveCfg = Release|Win32
		{F3769886-FC9B-447F-846E-E3E02533F986}.Release|x86.Build.0 = Release|Win32
		{AEF29AC9-38A9-4248-8AB2-EB708975916A}.Debug|x64.ActiveCfg = Debug|x64
		{AEF29AC9-38A9-4248-8AB2-EB708975916A}.Debug|x64.Build.0 = Debug|x64
		{AEF29AC9-38A9-4248-8AB2-EB708975916A}.Debug|x86.ActiveCfg = Debug|Win32
		{AEF29AC9-38A9-4248-8AB2-EB708975916A}.Debug|x86.Build.0 = Debug|Win32
		{AEF29AC9-38A9-4248-8AB2-EB708975916A}.Release|x64.ActiveCfg = Release|x64
		{AEF29AC9-38A9-4248-8AB2-EB708975916A}.Release|x64.Build.0 = Release|x64
		{AEF29AC9-38A9-4248-8AB2-EB708975916A}.Release|x86.ActiveCfg = Release|Win32
		{AEF29AC9-38A9-4248-8AB2-EB708975916A}.Release|x86.Build.0 = Release|Win32
		{69BFA117-F90E-421B-B917-FEEEF73124F7}.Debug|x64.ActiveCfg = Debug|x64
		{69BFA117-F90E-421B-B917-FEEEF73124F7}.Debug|x64.Build.0 = Debug|x64
		{69BFA117-F90E-421B-B917-FEEEF73124F7}.Debug|x86.ActiveCfg = Debug|Win32
		{69BFA117-F90E-421B-B917-FEEEF73124F7}.Debug|x86.Build.0 = Debug|Win32
		{69BFA117-F90E-421B-B917-FEEEF73124F7}.Release|x64.ActiveCfg = Release|x64
		{69BFA117-F90E-421B-B917-FEEEF73124F7}.Release|x64.Build.0 = Release|x64
		{69BFA117-F90E-421B-B917-FEEEF73124F7}.Release|x86.ActiveCfg = Release|Win32
		{69BFA117-F90E-421B-B917-FEEEF73124F7}.Release|x86.Build.0 = Release|Win32
		{5BA1E0FB-1FED-4619-8EE0-6348FE2F1492}.Debug|x64.ActiveCfg = Debug|x64
		{5BA1E0FB-1FED-4619-8EE0-6348FE2F1492}.Debug|x64.Build.0 = Debug|x64
		{5BA1E0FB-1FED-4619-8EE0-6348FE2F1492}.Debug|x86.ActiveCfg = Debug|Win32
		{5BA1E0FB-1FED-4619-8EE0-6348FE2F1492}.Debug|x86.Build.0 = Debug|Win32
		{5BA1E0FB-1FED-4619-8EE0-6348FE2F1492}.Release|x64.ActiveCfg = Release|x64
		{5BA1E0FB-1FED-4619-8EE0-6348FE2F1492}.Release|x64.Build.0 = Release|x64
		{5BA1E0FB-1FED-4619-8EE0-6348FE2F1492}.Release|x86.ActiveCfg = Release|Win32
		{5BA1E0FB-1FED-4619-8EE0-6348FE2F1492}.Release|x86.Build.0 = Release|Win32
		{02BA5ABA-0332-4D37-B9AF-86A17D50B031}.Debug|x64.ActiveCfg = Debug|x64
		{02BA5ABA-0332-4D37-B9AF-86A17D50B031}.Debug|x64.Build.0 = Debug|x64
		{02BA5ABA-0332-4D37-B9AF-86A17D50B031}.Debug|x86.ActiveCfg = Debug|Win32
		{02BA5ABA-0332-4D37-B9AF-86A17D50B031}.Debug|x86.Build.0 = Debug|Win32
		{02BA5ABA-0332-4D37-B9AF-86A17D50B031}.Release|x64.ActiveCfg = Release|x64
		{02BA5ABA-0332-4D37-B9AF-86A17D50B031}.Release|x64.Build.0 = Release|x64
		{02BA5ABA-0332-4D37-B9AF-86A17D50B031}.Release|x86.ActiveCfg = Release|Win32
		{02BA5ABA-0332-4D37-B9AF-86A17D50B031}.Release|x86.Build.0 = Release|Win32
		{4B77841A-70B2-4464-BCF3-6812AB6A2D4B}.Debug|x64.ActiveCfg = Debug|x64
		{4B77841A-70B2-4464-BCF3-6812AB6A2D4B}.Debug|x64.Build.0 = Debug|x64
		{4B77841A-70B2-4464-BCF3-6812AB6A2D4B}.Debug|x86.ActiveCfg = Debug|Win32
		{4B77841A-70B2-4464-BCF3-6812AB6A2D4B}.Debug|x86.Build.0 = Debug|Win32
		{4B77841A-70B2-4464-BCF3-6812AB6A2D4B}.Release|x64.ActiveCfg = Release|x64
		{4B77841A-70B2-4464-BCF3-6812AB6A2D4B}.Release|x64.Build.0 = Release|x64
		{4B77841A-70B2-4464-BCF3-6812AB6A2D4B}.Release|x86.ActiveCfg = Release|Win32
		{4B77841A-70B2-4464-BCF3-6812AB6A2D4B}.Release|x86.Build.0 = Release|Win32
		{A031EF07-E984-41E5-985A-2C65F45C8F4D}.Debug|x64.ActiveCfg = Debug|x64
		{A031EF07-E984-41E5-985A-2C65F45C8F4D}.Debug|x64.Build.0 = Debug|x64
		{A031EF07-E984-41E5-985A-2C65F45C8F4D}.Debug|x86.ActiveCfg = Debug|Win32
		{A031EF07-E984-41E5-985A-2C65F45C8F4D}.Debug|x86.Build.0 = Debug|Win32
		{A031EF07-E984-41E5-985A-2C65F45C8F4D}.Release|x64.ActiveCfg = Release|x64
		{A031EF07-E984-41E5-985A-2C65F45C8F4D}.Release|x64.Build.0 = Release|x64
		{A031EF07-E984-41E5-985A-2C65F45C8F4D}.Release|x86.ActiveCfg = Release|Win32
		{A031EF07-E984-41E5-985A-2C65F45C8F4D}.Release|x86.Build.0 = Release|Win32
	EndGlobalSection
	GlobalSection(SolutionProperties) = preSolution
		HideSolutionNode = FALSE
	EndGlobalSection
	GlobalSection(ExtensibilityGlobals) = postSolution
		SolutionGuid = {C262FF46-9B94-406A-8322-5844E73738C4}
	EndGlobalSection
EndGlobal
